// !$*UTF8*$!
{
	archiveVersion = 1;
	classes = {
	};
	objectVersion = 46;
	objects = {

/* Begin PBXFileReference section */
		900783311F8BC71700757D6D /* parallel.py */ = {isa = PBXFileReference; fileEncoding = 4; lastKnownFileType = text.script.python; name = parallel.py; path = src/parallel.py; sourceTree = "<group>"; };
		900783321F8BC75A00757D6D /* serial.py */ = {isa = PBXFileReference; lastKnownFileType = text.script.python; name = serial.py; path = src/serial.py; sourceTree = "<group>"; };
		900783331F8CF4B100757D6D /* Config.ini */ = {isa = PBXFileReference; fileEncoding = 4; lastKnownFileType = text; name = Config.ini; path = ../Tests/Config.ini; sourceTree = "<group>"; };
		900783361F8CF5C900757D6D /* Script.py */ = {isa = PBXFileReference; lastKnownFileType = text.script.python; name = Script.py; path = ../Tests/Script.py; sourceTree = "<group>"; };
		901EDA861E93E62A00630C7D /* workarea.py */ = {isa = PBXFileReference; lastKnownFileType = text.script.python; name = workarea.py; path = src/workarea.py; sourceTree = "<group>"; };
		901EDA871E93EE2200630C7D /* fitslib.py */ = {isa = PBXFileReference; fileEncoding = 4; lastKnownFileType = text.script.python; name = fitslib.py; path = src/fitslib.py; sourceTree = "<group>"; };
		901EDA881E942ED700630C7D /* runEBM.py */ = {isa = PBXFileReference; fileEncoding = 4; lastKnownFileType = text.script.python; name = runEBM.py; path = src/runEBM.py; sourceTree = "<group>"; };
		901EDA891E943B1800630C7D /* libraryEBM.py */ = {isa = PBXFileReference; fileEncoding = 4; lastKnownFileType = text.script.python; name = libraryEBM.py; path = src/libraryEBM.py; sourceTree = "<group>"; };
		901EDA8A1E9583E900630C7D /* constantsEBM.py */ = {isa = PBXFileReference; fileEncoding = 4; lastKnownFileType = text.script.python; name = constantsEBM.py; path = src/constantsEBM.py; sourceTree = "<group>"; };
		90740CD91E8D8E9D00EC1C36 /* exoclime.py */ = {isa = PBXFileReference; fileEncoding = 4; lastKnownFileType = text.script.python; name = exoclime.py; path = src/exoclime.py; sourceTree = "<group>"; };
		907A81B91F965754002ED5B0 /* file.py */ = {isa = PBXFileReference; fileEncoding = 4; lastKnownFileType = text.script.python; name = file.py; path = ../Tests/file.py; sourceTree = "<group>"; };
		9087E3661F4D773A00E2C855 /* tAtmo.py */ = {isa = PBXFileReference; fileEncoding = 4; lastKnownFileType = text.script.python; name = tAtmo.py; path = src/tAtmo.py; sourceTree = "<group>"; };
		9087E3671F4D773A00E2C855 /* K452b.py */ = {isa = PBXFileReference; fileEncoding = 4; lastKnownFileType = text.script.python; name = K452b.py; path = src/K452b.py; sourceTree = "<group>"; };
		9087E3681F4D773A00E2C855 /* EARTH.py */ = {isa = PBXFileReference; fileEncoding = 4; lastKnownFileType = text.script.python; name = EARTH.py; path = src/EARTH.py; sourceTree = "<group>"; };
		908F134620C748CF0069095E /* oofits.py */ = {isa = PBXFileReference; lastKnownFileType = text.script.python; name = oofits.py; path = ../Tests/oofits.py; sourceTree = "<group>"; };
		90CCD1651E9E2D0B00A72106 /* thumblib.py */ = {isa = PBXFileReference; fileEncoding = 4; lastKnownFileType = text.script.python; name = thumblib.py; path = src/thumblib.py; sourceTree = "<group>"; };
/* End PBXFileReference section */

/* Begin PBXGroup section */
		90740CCD1E8D3C9500EC1C36 = {
			isa = PBXGroup;
			children = (
				908F134620C748CF0069095E /* oofits.py */,
				907A81B91F965754002ED5B0 /* file.py */,
				900783361F8CF5C900757D6D /* Script.py */,
				900783331F8CF4B100757D6D /* Config.ini */,
				900783321F8BC75A00757D6D /* serial.py */,
				900783311F8BC71700757D6D /* parallel.py */,
				9087E3661F4D773A00E2C855 /* tAtmo.py */,
				9087E3671F4D773A00E2C855 /* K452b.py */,
				9087E3681F4D773A00E2C855 /* EARTH.py */,
				901EDA891E943B1800630C7D /* libraryEBM.py */,
				901EDA881E942ED700630C7D /* runEBM.py */,
				901EDA871E93EE2200630C7D /* fitslib.py */,
				901EDA861E93E62A00630C7D /* workarea.py */,
				901EDA8A1E9583E900630C7D /* constantsEBM.py */,
				90740CD91E8D8E9D00EC1C36 /* exoclime.py */,
				90CCD1651E9E2D0B00A72106 /* thumblib.py */,
			);
			sourceTree = "<group>";
		};
/* End PBXGroup section */

/* Begin PBXLegacyTarget section */
		90740CD21E8D3C9500EC1C36 /* Esoclimi */ = {
			isa = PBXLegacyTarget;
			buildArgumentsString = "$(ACTION)";
			buildConfigurationList = 90740CD51E8D3C9500EC1C36 /* Build configuration list for PBXLegacyTarget "Esoclimi" */;
			buildPhases = (
			);
			buildToolPath = /usr/bin/python;
			dependencies = (
			);
			name = Esoclimi;
			passBuildSettingsInEnvironment = 1;
			productName = Esoclimi;
		};
/* End PBXLegacyTarget section */

/* Begin PBXProject section */
		90740CCE1E8D3C9500EC1C36 /* Project object */ = {
			isa = PBXProject;
			attributes = {
				LastUpgradeCheck = 0920;
				ORGANIZATIONNAME = "Guliano Taffoni";
				TargetAttributes = {
					90740CD21E8D3C9500EC1C36 = {
						CreatedOnToolsVersion = 8.3;
						ProvisioningStyle = Automatic;
					};
				};
			};
			buildConfigurationList = 90740CD11E8D3C9500EC1C36 /* Build configuration list for PBXProject "Esoclimi" */;
			compatibilityVersion = "Xcode 3.2";
			developmentRegion = English;
			hasScannedForEncodings = 0;
			knownRegions = (
				en,
			);
			mainGroup = 90740CCD1E8D3C9500EC1C36;
			projectDirPath = "";
			projectRoot = "";
			targets = (
				90740CD21E8D3C9500EC1C36 /* Esoclimi */,
			);
		};
/* End PBXProject section */

/* Begin XCBuildConfiguration section */
		90740CD31E8D3C9500EC1C36 /* Debug */ = {
			isa = XCBuildConfiguration;
			buildSettings = {
				ALWAYS_SEARCH_USER_PATHS = NO;
				CLANG_ANALYZER_NONNULL = YES;
				CLANG_ANALYZER_NUMBER_OBJECT_CONVERSION = YES_AGGRESSIVE;
				CLANG_CXX_LANGUAGE_STANDARD = "gnu++0x";
				CLANG_CXX_LIBRARY = "libc++";
				CLANG_ENABLE_MODULES = YES;
				CLANG_ENABLE_OBJC_ARC = YES;
				CLANG_WARN_BLOCK_CAPTURE_AUTORELEASING = YES;
				CLANG_WARN_BOOL_CONVERSION = YES;
				CLANG_WARN_COMMA = YES;
				CLANG_WARN_CONSTANT_CONVERSION = YES;
				CLANG_WARN_DIRECT_OBJC_ISA_USAGE = YES_ERROR;
				CLANG_WARN_DOCUMENTATION_COMMENTS = YES;
				CLANG_WARN_EMPTY_BODY = YES;
				CLANG_WARN_ENUM_CONVERSION = YES;
				CLANG_WARN_INFINITE_RECURSION = YES;
				CLANG_WARN_INT_CONVERSION = YES;
				CLANG_WARN_NON_LITERAL_NULL_CONVERSION = YES;
				CLANG_WARN_OBJC_LITERAL_CONVERSION = YES;
				CLANG_WARN_OBJC_ROOT_CLASS = YES_ERROR;
				CLANG_WARN_RANGE_LOOP_ANALYSIS = YES;
				CLANG_WARN_STRICT_PROTOTYPES = YES;
				CLANG_WARN_SUSPICIOUS_MOVE = YES;
				CLANG_WARN_UNREACHABLE_CODE = YES;
				CLANG_WARN__DUPLICATE_METHOD_MATCH = YES;
				COPY_PHASE_STRIP = NO;
				DEBUG_INFORMATION_FORMAT = dwarf;
				ENABLE_STRICT_OBJC_MSGSEND = YES;
				ENABLE_TESTABILITY = YES;
				GCC_C_LANGUAGE_STANDARD = gnu99;
				GCC_DYNAMIC_NO_PIC = NO;
				GCC_NO_COMMON_BLOCKS = YES;
				GCC_OPTIMIZATION_LEVEL = 0;
				GCC_PREPROCESSOR_DEFINITIONS = (
					"DEBUG=1",
					"$(inherited)",
				);
				GCC_WARN_64_TO_32_BIT_CONVERSION = YES;
				GCC_WARN_ABOUT_RETURN_TYPE = YES_ERROR;
				GCC_WARN_UNDECLARED_SELECTOR = YES;
				GCC_WARN_UNINITIALIZED_AUTOS = YES_AGGRESSIVE;
				GCC_WARN_UNUSED_FUNCTION = YES;
				GCC_WARN_UNUSED_VARIABLE = YES;
				MTL_ENABLE_DEBUG_INFO = YES;
				ONLY_ACTIVE_ARCH = YES;
			};
			name = Debug;
		};
		90740CD41E8D3C9500EC1C36 /* Release */ = {
			isa = XCBuildConfiguration;
			buildSettings = {
				ALWAYS_SEARCH_USER_PATHS = NO;
				CLANG_ANALYZER_NONNULL = YES;
				CLANG_ANALYZER_NUMBER_OBJECT_CONVERSION = YES_AGGRESSIVE;
				CLANG_CXX_LANGUAGE_STANDARD = "gnu++0x";
				CLANG_CXX_LIBRARY = "libc++";
				CLANG_ENABLE_MODULES = YES;
				CLANG_ENABLE_OBJC_ARC = YES;
				CLANG_WARN_BLOCK_CAPTURE_AUTORELEASING = YES;
				CLANG_WARN_BOOL_CONVERSION = YES;
				CLANG_WARN_COMMA = YES;
				CLANG_WARN_CONSTANT_CONVERSION = YES;
				CLANG_WARN_DIRECT_OBJC_ISA_USAGE = YES_ERROR;
				CLANG_WARN_DOCUMENTATION_COMMENTS = YES;
				CLANG_WARN_EMPTY_BODY = YES;
				CLANG_WARN_ENUM_CONVERSION = YES;
				CLANG_WARN_INFINITE_RECURSION = YES;
				CLANG_WARN_INT_CONVERSION = YES;
				CLANG_WARN_NON_LITERAL_NULL_CONVERSION = YES;
				CLANG_WARN_OBJC_LITERAL_CONVERSION = YES;
				CLANG_WARN_OBJC_ROOT_CLASS = YES_ERROR;
				CLANG_WARN_RANGE_LOOP_ANALYSIS = YES;
				CLANG_WARN_STRICT_PROTOTYPES = YES;
				CLANG_WARN_SUSPICIOUS_MOVE = YES;
				CLANG_WARN_UNREACHABLE_CODE = YES;
				CLANG_WARN__DUPLICATE_METHOD_MATCH = YES;
				COPY_PHASE_STRIP = NO;
				DEBUG_INFORMATION_FORMAT = "dwarf-with-dsym";
				ENABLE_NS_ASSERTIONS = NO;
				ENABLE_STRICT_OBJC_MSGSEND = YES;
				GCC_C_LANGUAGE_STANDARD = gnu99;
				GCC_NO_COMMON_BLOCKS = YES;
				GCC_WARN_64_TO_32_BIT_CONVERSION = YES;
				GCC_WARN_ABOUT_RETURN_TYPE = YES_ERROR;
				GCC_WARN_UNDECLARED_SELECTOR = YES;
				GCC_WARN_UNINITIALIZED_AUTOS = YES_AGGRESSIVE;
				GCC_WARN_UNUSED_FUNCTION = YES;
				GCC_WARN_UNUSED_VARIABLE = YES;
				MTL_ENABLE_DEBUG_INFO = NO;
			};
			name = Release;
		};
		90740CD61E8D3C9500EC1C36 /* Debug */ = {
			isa = XCBuildConfiguration;
			buildSettings = {
				DEBUGGING_SYMBOLS = YES;
				DEBUG_INFORMATION_FORMAT = dwarf;
				GCC_GENERATE_DEBUGGING_SYMBOLS = YES;
				GCC_OPTIMIZATION_LEVEL = 0;
				OTHER_CFLAGS = "";
				OTHER_LDFLAGS = "";
				PRODUCT_NAME = "$(TARGET_NAME)";
			};
			name = Debug;
		};
		90740CD71E8D3C9500EC1C36 /* Release */ = {
			isa = XCBuildConfiguration;
			buildSettings = {
				DEBUG_INFORMATION_FORMAT = "dwarf-with-dsym";
				OTHER_CFLAGS = "";
				OTHER_LDFLAGS = "";
				PRODUCT_NAME = "$(TARGET_NAME)";
			};
			name = Release;
		};
/* End XCBuildConfiguration section */

/* Begin XCConfigurationList section */
		90740CD11E8D3C9500EC1C36 /* Build configuration list for PBXProject "Esoclimi" */ = {
			isa = XCConfigurationList;
			buildConfigurations = (
				90740CD31E8D3C9500EC1C36 /* Debug */,
				90740CD41E8D3C9500EC1C36 /* Release */,
			);
			defaultConfigurationIsVisible = 0;
			defaultConfigurationName = Release;
		};
		90740CD51E8D3C9500EC1C36 /* Build configuration list for PBXLegacyTarget "Esoclimi" */ = {
			isa = XCConfigurationList;
			buildConfigurations = (
				90740CD61E8D3C9500EC1C36 /* Debug */,
				90740CD71E8D3C9500EC1C36 /* Release */,
			);
			defaultConfigurationIsVisible = 0;
			defaultConfigurationName = Release;
		};
/* End XCConfigurationList section */
	};
	rootObject = 90740CCE1E8D3C9500EC1C36 /* Project object */;
}
